<Solution>
  <Project Path="Lesson10_1_OOP_property/Lesson10_1_OOP_property.csproj" Id="5d644f02-354f-4659-a0c8-57127c3f2d8e" />
  <Project Path="Lesson1_2_Html_Css/Lesson1_2_Html_Css.csproj" Id="cedb033b-1852-41ed-bfad-ec932e326b85" />
  <Project Path="Lesson1_Html_Giris/Lesson1_Html_Giris.csproj" Id="624d67b6-0d91-4b78-9ec6-2a5144795ea8" />
  <Project Path="Lesson2_1_HtmlCss/Lesson2_1_HtmlCss.csproj" Id="48faedc6-882e-41f3-9850-2152fd4e52b1" />
  <Project Path="Lesson2_2_css_class_id/Lesson2_2_css_class_id.csproj" Id="af02b64e-ff35-4be3-9520-df1e156e61ed" />
  <Project Path="Lesson3_1_css_class_id/Lesson3_1_css_class_id.csproj" Id="3dc5f744-d675-48a5-9d99-2b5f09b50c92" />
  <Project Path="Lesson4_1_JavaScriptGiris/Lesson4_1_JavaScriptGiris.csproj" Id="417f44d0-48e7-4be4-bb29-5dff0a5b500f" />
  <Project Path="Lesson4_2_JavaScript_Ornek/Lesson4_2_JavaScript_Ornek.csproj" Id="24f2b43d-a4e0-4f2c-a0b7-cf8effff48b2" />
  <Project Path="Lesson5_1_js_tag_class/Lesson5_1_js_tag_class.csproj" Id="ce32c67c-2cad-43c3-b44c-2a684669cd5b" />
  <Project Path="Lesson5_2_js_ornek/Lesson5_2_js_ornek.csproj" Id="df9614b0-f5ee-4da2-b74f-a64cd0e0672d" />
  <Project Path="Lesson7_1_Bootstarp/Lesson7_1_Bootstarp.csproj" Id="daec3d12-4c04-4bf8-a1b3-d1bd35d29044" />
  <Project Path="Lesson8_1_Class/Lesson8_1_Class.csproj" Id="ae57b40a-61ee-4f5f-87e5-f8ba5bd83ee7" />
  <Project Path="Lesson9_1_Static_Class/Lesson9_1_Static_Class.csproj" Id="a1ce82c4-86fd-42a6-bd32-b8e9ce713a33" />
  <Project Path="Lesson9_2_Constructor_Method/Lesson9_2_Constructor_Method.csproj" Id="f2cd293f-6370-45aa-b1e6-2e7073894e4d" />
  <Project Path="Lesson9_3_OOP_Kalitim/Lesson9_3_OOP_Kalitim.csproj" Id="63d33215-8517-4757-9c39-a9d4c51e7b9b" />
  <Project Path="Lesson9_4_OOP_inheritance_Ornek/Lesson9_4_OOP_inheritance_Ornek.csproj" Id="0b5cfa70-439d-40ff-b6f6-965a4527eaf2" />
</Solution>
